
Microsoft Visual Studio Solution File, Format Version 12.00
# Visual Studio 15
VisualStudioVersion = 15.0.27130.2020
MinimumVisualStudioVersion = 10.0.40219.1
Project("{FAE04EC0-301F-11D3-BF4B-00C04F79EFBC}") = "KELEI.PM.WEBAPI", "KELEI.PM.WEBAPI\KELEI.PM.WEBAPI.csproj", "{8A3C59FB-51FB-4B1C-B55D-C854FED30B13}"
EndProject
Project("{FAE04EC0-301F-11D3-BF4B-00C04F79EFBC}") = "KELEI.PM.DBService", "KELEI.PM.DBService\KELEI.PM.DBService.csproj", "{E3349FAE-4EF0-43A7-98FC-2A3BB66A1BC3}"
EndProject
Project("{FAE04EC0-301F-11D3-BF4B-00C04F79EFBC}") = "KELEI.PM.FileService", "KELEI.PM.FileService\KELEI.PM.FileService.csproj", "{38C46493-44EE-4E9D-A491-057C8BB847D2}"
EndProject
Project("{FAE04EC0-301F-11D3-BF4B-00C04F79EFBC}") = "KELEI.PM.MessageService", "KELEI.PM.MessageService\KELEI.PM.MessageService.csproj", "{6EF93196-9079-47FA-9994-14C62BBE15F2}"
EndProject
Project("{2150E333-8FDC-42A3-9474-1A3956D46DE8}") = "Service", "Service", "{3716FC15-934B-4217-934E-53158E5B0B97}"
EndProject
Project("{2150E333-8FDC-42A3-9474-1A3956D46DE8}") = "API", "API", "{616229D5-D39F-4303-8703-3939973C00D1}"
EndProject
Project("{2150E333-8FDC-42A3-9474-1A3956D46DE8}") = "Commons", "Commons", "{447EA8C7-DC9C-4788-9641-F93114D16B73}"
EndProject
Project("{FAE04EC0-301F-11D3-BF4B-00C04F79EFBC}") = "KELEI.Commons", "KELEI.Commons\KELEI.Commons.csproj", "{4D7FDB26-23F7-4D6C-9C6B-B85EFE81C785}"
EndProject
Global
	GlobalSection(SolutionConfigurationPlatforms) = preSolution
		Debug|Any CPU = Debug|Any CPU
		Release|Any CPU = Release|Any CPU
	EndGlobalSection
	GlobalSection(ProjectConfigurationPlatforms) = postSolution
		{8A3C59FB-51FB-4B1C-B55D-C854FED30B13}.Debug|Any CPU.ActiveCfg = Debug|Any CPU
		{8A3C59FB-51FB-4B1C-B55D-C854FED30B13}.Debug|Any CPU.Build.0 = Debug|Any CPU
		{8A3C59FB-51FB-4B1C-B55D-C854FED30B13}.Release|Any CPU.ActiveCfg = Release|Any CPU
		{8A3C59FB-51FB-4B1C-B55D-C854FED30B13}.Release|Any CPU.Build.0 = Release|Any CPU
		{E3349FAE-4EF0-43A7-98FC-2A3BB66A1BC3}.Debug|Any CPU.ActiveCfg = Debug|Any CPU
		{E3349FAE-4EF0-43A7-98FC-2A3BB66A1BC3}.Debug|Any CPU.Build.0 = Debug|Any CPU
		{E3349FAE-4EF0-43A7-98FC-2A3BB66A1BC3}.Release|Any CPU.ActiveCfg = Release|Any CPU
		{E3349FAE-4EF0-43A7-98FC-2A3BB66A1BC3}.Release|Any CPU.Build.0 = Release|Any CPU
		{38C46493-44EE-4E9D-A491-057C8BB847D2}.Debug|Any CPU.ActiveCfg = Debug|Any CPU
		{38C46493-44EE-4E9D-A491-057C8BB847D2}.Debug|Any CPU.Build.0 = Debug|Any CPU
		{38C46493-44EE-4E9D-A491-057C8BB847D2}.Release|Any CPU.ActiveCfg = Release|Any CPU
		{38C46493-44EE-4E9D-A491-057C8BB847D2}.Release|Any CPU.Build.0 = Release|Any CPU
		{6EF93196-9079-47FA-9994-14C62BBE15F2}.Debug|Any CPU.ActiveCfg = Debug|Any CPU
		{6EF93196-9079-47FA-9994-14C62BBE15F2}.Debug|Any CPU.Build.0 = Debug|Any CPU
		{6EF93196-9079-47FA-9994-14C62BBE15F2}.Release|Any CPU.ActiveCfg = Release|Any CPU
		{6EF93196-9079-47FA-9994-14C62BBE15F2}.Release|Any CPU.Build.0 = Release|Any CPU
		{4D7FDB26-23F7-4D6C-9C6B-B85EFE81C785}.Debug|Any CPU.ActiveCfg = Debug|Any CPU
		{4D7FDB26-23F7-4D6C-9C6B-B85EFE81C785}.Debug|Any CPU.Build.0 = Debug|Any CPU
		{4D7FDB26-23F7-4D6C-9C6B-B85EFE81C785}.Release|Any CPU.ActiveCfg = Release|Any CPU
		{4D7FDB26-23F7-4D6C-9C6B-B85EFE81C785}.Release|Any CPU.Build.0 = Release|Any CPU
	EndGlobalSection
	GlobalSection(SolutionProperties) = preSolution
		HideSolutionNode = FALSE
	EndGlobalSection
	GlobalSection(NestedProjects) = preSolution
		{8A3C59FB-51FB-4B1C-B55D-C854FED30B13} = {616229D5-D39F-4303-8703-3939973C00D1}
		{E3349FAE-4EF0-43A7-98FC-2A3BB66A1BC3} = {3716FC15-934B-4217-934E-53158E5B0B97}
		{38C46493-44EE-4E9D-A491-057C8BB847D2} = {3716FC15-934B-4217-934E-53158E5B0B97}
		{6EF93196-9079-47FA-9994-14C62BBE15F2} = {3716FC15-934B-4217-934E-53158E5B0B97}
		{4D7FDB26-23F7-4D6C-9C6B-B85EFE81C785} = {447EA8C7-DC9C-4788-9641-F93114D16B73}
	EndGlobalSection
	GlobalSection(ExtensibilityGlobals) = postSolution
		SolutionGuid = {72C810FF-2A51-4554-A4C3-120F17886B0C}
	EndGlobalSection
EndGlobal
